
Microsoft Visual Studio Solution File, Format Version 12.00
# Visual Studio Version 17
VisualStudioVersion = 17.4.33103.184
MinimumVisualStudioVersion = 10.0.40219.1
Project("{FAE04EC0-301F-11D3-BF4B-00C04F79EFBC}") = "TelegramBotWebHook", "TelegramBotWebHook\TelegramBotWebHook.csproj", "{09EC33C2-5E37-45D0-8E91-F0492DFDB499}"
EndProject
Global
	GlobalSection(SolutionConfigurationPlatforms) = preSolution
		Debug|Any CPU = Debug|Any CPU
		Release|Any CPU = Release|Any CPU
	EndGlobalSection
	GlobalSection(ProjectConfigurationPlatforms) = postSolution
		{09EC33C2-5E37-45D0-8E91-F0492DFDB499}.Debug|Any CPU.ActiveCfg = Debug|Any CPU
		{09EC33C2-5E37-45D0-8E91-F0492DFDB499}.Debug|Any CPU.Build.0 = Debug|Any CPU
		{09EC33C2-5E37-45D0-8E91-F0492DFDB499}.Release|Any CPU.ActiveCfg = Release|Any CPU
		{09EC33C2-5E37-45D0-8E91-F0492DFDB499}.Release|Any CPU.Build.0 = Release|Any CPU
	EndGlobalSection
	GlobalSection(SolutionProperties) = preSolution
		HideSolutionNode = FALSE
	EndGlobalSection
	GlobalSection(ExtensibilityGlobals) = postSolution
		SolutionGuid = {BDBE9B9A-AE5C-4F84-BC25-C5EC350CCE95}
	EndGlobalSection
EndGlobal
